// !$*UTF8*$!
{
	archiveVersion = 1;
	classes = {
	};
	objectVersion = 55;
	objects = {

/* Begin PBXBuildFile section */
		2D0A0BFA27D0130300DED024 /* ReviewCell.swift in Sources */ = {isa = PBXBuildFile; fileRef = 2D0A0BF827D0130300DED024 /* ReviewCell.swift */; };
		2D38B66827DBDE91005AE675 /* ReviewCell.xib in Resources */ = {isa = PBXBuildFile; fileRef = 2D38B66727DBDE91005AE675 /* ReviewCell.xib */; };
		2D38B66C27DBEBD9005AE675 /* ReviewViewController.swift in Sources */ = {isa = PBXBuildFile; fileRef = 2D38B66B27DBEBD9005AE675 /* ReviewViewController.swift */; };
		2D5A111B27CE8E51007B7517 /* AppDelegate.swift in Sources */ = {isa = PBXBuildFile; fileRef = 2D5A111A27CE8E51007B7517 /* AppDelegate.swift */; };
		2D5A111D27CE8E51007B7517 /* SceneDelegate.swift in Sources */ = {isa = PBXBuildFile; fileRef = 2D5A111C27CE8E51007B7517 /* SceneDelegate.swift */; };
		2D5A111F27CE8E51007B7517 /* ReviewsViewController.swift in Sources */ = {isa = PBXBuildFile; fileRef = 2D5A111E27CE8E51007B7517 /* ReviewsViewController.swift */; };
		2D5A112227CE8E51007B7517 /* Main.storyboard in Resources */ = {isa = PBXBuildFile; fileRef = 2D5A112027CE8E51007B7517 /* Main.storyboard */; };
		2D5A112527CE8E51007B7517 /* RestaurantReviewer.xcdatamodeld in Sources */ = {isa = PBXBuildFile; fileRef = 2D5A112327CE8E51007B7517 /* RestaurantReviewer.xcdatamodeld */; };
		2D5A112727CE8E51007B7517 /* Assets.xcassets in Resources */ = {isa = PBXBuildFile; fileRef = 2D5A112627CE8E51007B7517 /* Assets.xcassets */; };
		2D5A112A27CE8E51007B7517 /* LaunchScreen.storyboard in Resources */ = {isa = PBXBuildFile; fileRef = 2D5A112827CE8E51007B7517 /* LaunchScreen.storyboard */; };
		2D9D944B27EDF0C100627E56 /* ReviewFormController.swift in Sources */ = {isa = PBXBuildFile; fileRef = 2D9D944A27EDF0C100627E56 /* ReviewFormController.swift */; };
		2D9F2C4727F654680093C961 /* MenuViewController.swift in Sources */ = {isa = PBXBuildFile; fileRef = 2D9F2C4627F654680093C961 /* MenuViewController.swift */; };
/* End PBXBuildFile section */

/* Begin PBXFileReference section */
		2D0A0BF827D0130300DED024 /* ReviewCell.swift */ = {isa = PBXFileReference; lastKnownFileType = sourcecode.swift; path = ReviewCell.swift; sourceTree = "<group>"; };
		2D38B66727DBDE91005AE675 /* ReviewCell.xib */ = {isa = PBXFileReference; fileEncoding = 4; lastKnownFileType = file.xib; path = ReviewCell.xib; sourceTree = "<group>"; };
		2D38B66B27DBEBD9005AE675 /* ReviewViewController.swift */ = {isa = PBXFileReference; lastKnownFileType = sourcecode.swift; path = ReviewViewController.swift; sourceTree = "<group>"; };
		2D5A111727CE8E51007B7517 /* RestaurantReviewer.app */ = {isa = PBXFileReference; explicitFileType = wrapper.application; includeInIndex = 0; path = RestaurantReviewer.app; sourceTree = BUILT_PRODUCTS_DIR; };
		2D5A111A27CE8E51007B7517 /* AppDelegate.swift */ = {isa = PBXFileReference; lastKnownFileType = sourcecode.swift; path = AppDelegate.swift; sourceTree = "<group>"; };
		2D5A111C27CE8E51007B7517 /* SceneDelegate.swift */ = {isa = PBXFileReference; lastKnownFileType = sourcecode.swift; path = SceneDelegate.swift; sourceTree = "<group>"; };
		2D5A111E27CE8E51007B7517 /* ReviewsViewController.swift */ = {isa = PBXFileReference; lastKnownFileType = sourcecode.swift; path = ReviewsViewController.swift; sourceTree = "<group>"; };
		2D5A112127CE8E51007B7517 /* Base */ = {isa = PBXFileReference; lastKnownFileType = file.storyboard; name = Base; path = Base.lproj/Main.storyboard; sourceTree = "<group>"; };
		2D5A112427CE8E51007B7517 /* RestaurantReviewer.xcdatamodel */ = {isa = PBXFileReference; lastKnownFileType = wrapper.xcdatamodel; path = RestaurantReviewer.xcdatamodel; sourceTree = "<group>"; };
		2D5A112627CE8E51007B7517 /* Assets.xcassets */ = {isa = PBXFileReference; lastKnownFileType = folder.assetcatalog; path = Assets.xcassets; sourceTree = "<group>"; };
		2D5A112927CE8E51007B7517 /* Base */ = {isa = PBXFileReference; lastKnownFileType = file.storyboard; name = Base; path = Base.lproj/LaunchScreen.storyboard; sourceTree = "<group>"; };
		2D5A112B27CE8E51007B7517 /* Info.plist */ = {isa = PBXFileReference; lastKnownFileType = text.plist.xml; path = Info.plist; sourceTree = "<group>"; };
		2D9D944A27EDF0C100627E56 /* ReviewFormController.swift */ = {isa = PBXFileReference; lastKnownFileType = sourcecode.swift; path = ReviewFormController.swift; sourceTree = "<group>"; };
		2D9F2C4627F654680093C961 /* MenuViewController.swift */ = {isa = PBXFileReference; lastKnownFileType = sourcecode.swift; path = MenuViewController.swift; sourceTree = "<group>"; };
/* End PBXFileReference section */

/* Begin PBXFrameworksBuildPhase section */
		2D5A111427CE8E51007B7517 /* Frameworks */ = {
			isa = PBXFrameworksBuildPhase;
			buildActionMask = 2147483647;
			files = (
			);
			runOnlyForDeploymentPostprocessing = 0;
		};
/* End PBXFrameworksBuildPhase section */

/* Begin PBXGroup section */
		2D5A110E27CE8E50007B7517 = {
			isa = PBXGroup;
			children = (
				2D5A111927CE8E51007B7517 /* RestaurantReviewer */,
				2D5A111827CE8E51007B7517 /* Products */,
			);
			sourceTree = "<group>";
		};
		2D5A111827CE8E51007B7517 /* Products */ = {
			isa = PBXGroup;
			children = (
				2D5A111727CE8E51007B7517 /* RestaurantReviewer.app */,
			);
			name = Products;
			sourceTree = "<group>";
		};
		2D5A111927CE8E51007B7517 /* RestaurantReviewer */ = {
			isa = PBXGroup;
			children = (
				2D5A111A27CE8E51007B7517 /* AppDelegate.swift */,
				2D5A111C27CE8E51007B7517 /* SceneDelegate.swift */,
				2D5A111E27CE8E51007B7517 /* ReviewsViewController.swift */,
				2D5A112027CE8E51007B7517 /* Main.storyboard */,
				2D5A112627CE8E51007B7517 /* Assets.xcassets */,
				2D5A112827CE8E51007B7517 /* LaunchScreen.storyboard */,
				2D5A112B27CE8E51007B7517 /* Info.plist */,
				2D5A112327CE8E51007B7517 /* RestaurantReviewer.xcdatamodeld */,
				2D0A0BF827D0130300DED024 /* ReviewCell.swift */,
				2D38B66727DBDE91005AE675 /* ReviewCell.xib */,
				2D38B66B27DBEBD9005AE675 /* ReviewViewController.swift */,
				2D9D944A27EDF0C100627E56 /* ReviewFormController.swift */,
				2D9F2C4627F654680093C961 /* MenuViewController.swift */,
			);
			path = RestaurantReviewer;
			sourceTree = "<group>";
		};
/* End PBXGroup section */

/* Begin PBXNativeTarget section */
		2D5A111627CE8E51007B7517 /* RestaurantReviewer */ = {
			isa = PBXNativeTarget;
			buildConfigurationList = 2D5A112E27CE8E51007B7517 /* Build configuration list for PBXNativeTarget "RestaurantReviewer" */;
			buildPhases = (
				2D5A111327CE8E51007B7517 /* Sources */,
				2D5A111427CE8E51007B7517 /* Frameworks */,
				2D5A111527CE8E51007B7517 /* Resources */,
			);
			buildRules = (
			);
			dependencies = (
			);
			name = RestaurantReviewer;
			productName = RestaurantReviewer;
			productReference = 2D5A111727CE8E51007B7517 /* RestaurantReviewer.app */;
			productType = "com.apple.product-type.application";
		};
/* End PBXNativeTarget section */

/* Begin PBXProject section */
		2D5A110F27CE8E50007B7517 /* Project object */ = {
			isa = PBXProject;
			attributes = {
				BuildIndependentTargetsInParallel = 1;
				LastSwiftUpdateCheck = 1320;
				LastUpgradeCheck = 1320;
				TargetAttributes = {
					2D5A111627CE8E51007B7517 = {
						CreatedOnToolsVersion = 13.2.1;
					};
				};
			};
			buildConfigurationList = 2D5A111227CE8E50007B7517 /* Build configuration list for PBXProject "RestaurantReviewer" */;
			compatibilityVersion = "Xcode 13.0";
			developmentRegion = en;
			hasScannedForEncodings = 0;
			knownRegions = (
				en,
				Base,
			);
			mainGroup = 2D5A110E27CE8E50007B7517;
			productRefGroup = 2D5A111827CE8E51007B7517 /* Products */;
			projectDirPath = "";
			projectRoot = "";
			targets = (
				2D5A111627CE8E51007B7517 /* RestaurantReviewer */,
			);
		};
/* End PBXProject section */

/* Begin PBXResourcesBuildPhase section */
		2D5A111527CE8E51007B7517 /* Resources */ = {
			isa = PBXResourcesBuildPhase;
			buildActionMask = 2147483647;
			files = (
				2D5A112A27CE8E51007B7517 /* LaunchScreen.storyboard in Resources */,
				2D38B66827DBDE91005AE675 /* ReviewCell.xib in Resources */,
				2D5A112727CE8E51007B7517 /* Assets.xcassets in Resources */,
				2D5A112227CE8E51007B7517 /* Main.storyboard in Resources */,
			);
			runOnlyForDeploymentPostprocessing = 0;
		};
/* End PBXResourcesBuildPhase section */

/* Begin PBXSourcesBuildPhase section */
		2D5A111327CE8E51007B7517 /* Sources */ = {
			isa = PBXSourcesBuildPhase;
			buildActionMask = 2147483647;
			files = (
				2D5A111F27CE8E51007B7517 /* ReviewsViewController.swift in Sources */,
				2D5A112527CE8E51007B7517 /* RestaurantReviewer.xcdatamodeld in Sources */,
				2D9D944B27EDF0C100627E56 /* ReviewFormController.swift in Sources */,
				2D38B66C27DBEBD9005AE675 /* ReviewViewController.swift in Sources */,
				2D0A0BFA27D0130300DED024 /* ReviewCell.swift in Sources */,
				2D5A111B27CE8E51007B7517 /* AppDelegate.swift in Sources */,
				2D5A111D27CE8E51007B7517 /* SceneDelegate.swift in Sources */,
				2D9F2C4727F654680093C961 /* MenuViewController.swift in Sources */,
			);
			runOnlyForDeploymentPostprocessing = 0;
		};
/* End PBXSourcesBuildPhase section */

/* Begin PBXVariantGroup section */
		2D5A112027CE8E51007B7517 /* Main.storyboard */ = {
			isa = PBXVariantGroup;
			children = (
				2D5A112127CE8E51007B7517 /* Base */,
			);
			name = Main.storyboard;
			sourceTree = "<group>";
		};
		2D5A112827CE8E51007B7517 /* LaunchScreen.storyboard */ = {
			isa = PBXVariantGroup;
			children = (
				2D5A112927CE8E51007B7517 /* Base */,
			);
			name = LaunchScreen.storyboard;
			sourceTree = "<group>";
		};
/* End PBXVariantGroup section */

/* Begin XCBuildConfiguration section */
		2D5A112C27CE8E51007B7517 /* Debug */ = {
			isa = XCBuildConfiguration;
			buildSettings = {
				ALWAYS_SEARCH_USER_PATHS = NO;
				CLANG_ANALYZER_NONNULL = YES;
				CLANG_ANALYZER_NUMBER_OBJECT_CONVERSION = YES_AGGRESSIVE;
				CLANG_CXX_LANGUAGE_STANDARD = "gnu++17";
				CLANG_CXX_LIBRARY = "libc++";
				CLANG_ENABLE_MODULES = YES;
				CLANG_ENABLE_OBJC_ARC = YES;
				CLANG_ENABLE_OBJC_WEAK = YES;
				CLANG_WARN_BLOCK_CAPTURE_AUTORELEASING = YES;
				CLANG_WARN_BOOL_CONVERSION = YES;
				CLANG_WARN_COMMA = YES;
				CLANG_WARN_CONSTANT_CONVERSION = YES;
				CLANG_WARN_DEPRECATED_OBJC_IMPLEMENTATIONS = YES;
				CLANG_WARN_DIRECT_OBJC_ISA_USAGE = YES_ERROR;
				CLANG_WARN_DOCUMENTATION_COMMENTS = YES;
				CLANG_WARN_EMPTY_BODY = YES;
				CLANG_WARN_ENUM_CONVERSION = YES;
				CLANG_WARN_INFINITE_RECURSION = YES;
				CLANG_WARN_INT_CONVERSION = YES;
				CLANG_WARN_NON_LITERAL_NULL_CONVERSION = YES;
				CLANG_WARN_OBJC_IMPLICIT_RETAIN_SELF = YES;
				CLANG_WARN_OBJC_LITERAL_CONVERSION = YES;
				CLANG_WARN_OBJC_ROOT_CLASS = YES_ERROR;
				CLANG_WARN_QUOTED_INCLUDE_IN_FRAMEWORK_HEADER = YES;
				CLANG_WARN_RANGE_LOOP_ANALYSIS = YES;
				CLANG_WARN_STRICT_PROTOTYPES = YES;
				CLANG_WARN_SUSPICIOUS_MOVE = YES;
				CLANG_WARN_UNGUARDED_AVAILABILITY = YES_AGGRESSIVE;
				CLANG_WARN_UNREACHABLE_CODE = YES;
				CLANG_WARN__DUPLICATE_METHOD_MATCH = YES;
				COPY_PHASE_STRIP = NO;
				DEBUG_INFORMATION_FORMAT = dwarf;
				ENABLE_STRICT_OBJC_MSGSEND = YES;
				ENABLE_TESTABILITY = YES;
				GCC_C_LANGUAGE_STANDARD = gnu11;
				GCC_DYNAMIC_NO_PIC = NO;
				GCC_NO_COMMON_BLOCKS = YES;
				GCC_OPTIMIZATION_LEVEL = 0;
				GCC_PREPROCESSOR_DEFINITIONS = (
					"DEBUG=1",
					"$(inherited)",
				);
				GCC_WARN_64_TO_32_BIT_CONVERSION = YES;
				GCC_WARN_ABOUT_RETURN_TYPE = YES_ERROR;
				GCC_WARN_UNDECLARED_SELECTOR = YES;
				GCC_WARN_UNINITIALIZED_AUTOS = YES_AGGRESSIVE;
				GCC_WARN_UNUSED_FUNCTION = YES;
				GCC_WARN_UNUSED_VARIABLE = YES;
				IPHONEOS_DEPLOYMENT_TARGET = 15.2;
				MTL_ENABLE_DEBUG_INFO = INCLUDE_SOURCE;
				MTL_FAST_MATH = YES;
				ONLY_ACTIVE_ARCH = YES;
				SDKROOT = iphoneos;
				SWIFT_ACTIVE_COMPILATION_CONDITIONS = DEBUG;
				SWIFT_OPTIMIZATION_LEVEL = "-Onone";
			};
			name = Debug;
		};
		2D5A112D27CE8E51007B7517 /* Release */ = {
			isa = XCBuildConfiguration;
			buildSettings = {
				ALWAYS_SEARCH_USER_PATHS = NO;
				CLANG_ANALYZER_NONNULL = YES;
				CLANG_ANALYZER_NUMBER_OBJECT_CONVERSION = YES_AGGRESSIVE;
				CLANG_CXX_LANGUAGE_STANDARD = "gnu++17";
				CLANG_CXX_LIBRARY = "libc++";
				CLANG_ENABLE_MODULES = YES;
				CLANG_ENABLE_OBJC_ARC = YES;
				CLANG_ENABLE_OBJC_WEAK = YES;
				CLANG_WARN_BLOCK_CAPTURE_AUTORELEASING = YES;
				CLANG_WARN_BOOL_CONVERSION = YES;
				CLANG_WARN_COMMA = YES;
				CLANG_WARN_CONSTANT_CONVERSION = YES;
				CLANG_WARN_DEPRECATED_OBJC_IMPLEMENTATIONS = YES;
				CLANG_WARN_DIRECT_OBJC_ISA_USAGE = YES_ERROR;
				CLANG_WARN_DOCUMENTATION_COMMENTS = YES;
				CLANG_WARN_EMPTY_BODY = YES;
				CLANG_WARN_ENUM_CONVERSION = YES;
				CLANG_WARN_INFINITE_RECURSION = YES;
				CLANG_WARN_INT_CONVERSION = YES;
				CLANG_WARN_NON_LITERAL_NULL_CONVERSION = YES;
				CLANG_WARN_OBJC_IMPLICIT_RETAIN_SELF = YES;
				CLANG_WARN_OBJC_LITERAL_CONVERSION = YES;
				CLANG_WARN_OBJC_ROOT_CLASS = YES_ERROR;
				CLANG_WARN_QUOTED_INCLUDE_IN_FRAMEWORK_HEADER = YES;
				CLANG_WARN_RANGE_LOOP_ANALYSIS = YES;
				CLANG_WARN_STRICT_PROTOTYPES = YES;
				CLANG_WARN_SUSPICIOUS_MOVE = YES;
				CLANG_WARN_UNGUARDED_AVAILABILITY = YES_AGGRESSIVE;
				CLANG_WARN_UNREACHABLE_CODE = YES;
				CLANG_WARN__DUPLICATE_METHOD_MATCH = YES;
				COPY_PHASE_STRIP = NO;
				DEBUG_INFORMATION_FORMAT = "dwarf-with-dsym";
				ENABLE_NS_ASSERTIONS = NO;
				ENABLE_STRICT_OBJC_MSGSEND = YES;
				GCC_C_LANGUAGE_STANDARD = gnu11;
				GCC_NO_COMMON_BLOCKS = YES;
				GCC_WARN_64_TO_32_BIT_CONVERSION = YES;
				GCC_WARN_ABOUT_RETURN_TYPE = YES_ERROR;
				GCC_WARN_UNDECLARED_SELECTOR = YES;
				GCC_WARN_UNINITIALIZED_AUTOS = YES_AGGRESSIVE;
				GCC_WARN_UNUSED_FUNCTION = YES;
				GCC_WARN_UNUSED_VARIABLE = YES;
				IPHONEOS_DEPLOYMENT_TARGET = 15.2;
				MTL_ENABLE_DEBUG_INFO = NO;
				MTL_FAST_MATH = YES;
				SDKROOT = iphoneos;
				SWIFT_COMPILATION_MODE = wholemodule;
				SWIFT_OPTIMIZATION_LEVEL = "-O";
				VALIDATE_PRODUCT = YES;
			};
			name = Release;
		};
		2D5A112F27CE8E51007B7517 /* Debug */ = {
			isa = XCBuildConfiguration;
			buildSettings = {
				ASSETCATALOG_COMPILER_APPICON_NAME = AppIcon;
				ASSETCATALOG_COMPILER_GLOBAL_ACCENT_COLOR_NAME = AccentColor;
				CODE_SIGN_STYLE = Automatic;
				CURRENT_PROJECT_VERSION = 1;
				DEVELOPMENT_TEAM = GC3XJ225J7;
				GENERATE_INFOPLIST_FILE = YES;
				INFOPLIST_FILE = RestaurantReviewer/Info.plist;
				INFOPLIST_KEY_UIApplicationSupportsIndirectInputEvents = YES;
				INFOPLIST_KEY_UILaunchStoryboardName = LaunchScreen;
				INFOPLIST_KEY_UIMainStoryboardFile = Main;
				INFOPLIST_KEY_UISupportedInterfaceOrientations = UIInterfaceOrientationPortrait;
				INFOPLIST_KEY_UISupportedInterfaceOrientations_iPad = "UIInterfaceOrientationPortrait UIInterfaceOrientationPortraitUpsideDown UIInterfaceOrientationLandscapeLeft UIInterfaceOrientationLandscapeRight";
				INFOPLIST_KEY_UISupportedInterfaceOrientations_iPhone = "UIInterfaceOrientationPortrait UIInterfaceOrientationLandscapeLeft UIInterfaceOrientationLandscapeRight";
				LD_RUNPATH_SEARCH_PATHS = (
					"$(inherited)",
					"@executable_path/Frameworks",
				);
				MARKETING_VERSION = 1.0;
				PRODUCT_BUNDLE_IDENTIFIER = ca.goergbrown.RestaurantReviewer;
				PRODUCT_NAME = "$(TARGET_NAME)";
				SWIFT_EMIT_LOC_STRINGS = YES;
				SWIFT_VERSION = 5.0;
				TARGETED_DEVICE_FAMILY = "1,2";
			};
			name = Debug;
		};
		2D5A113027CE8E51007B7517 /* Release */ = {
			isa = XCBuildConfiguration;
			buildSettings = {
				ASSETCATALOG_COMPILER_APPICON_NAME = AppIcon;
				ASSETCATALOG_COMPILER_GLOBAL_ACCENT_COLOR_NAME = AccentColor;
				CODE_SIGN_STYLE = Automatic;
				CURRENT_PROJECT_VERSION = 1;
				DEVELOPMENT_TEAM = GC3XJ225J7;
				GENERATE_INFOPLIST_FILE = YES;
				INFOPLIST_FILE = RestaurantReviewer/Info.plist;
				INFOPLIST_KEY_UIApplicationSupportsIndirectInputEvents = YES;
				INFOPLIST_KEY_UILaunchStoryboardName = LaunchScreen;
				INFOPLIST_KEY_UIMainStoryboardFile = Main;
				INFOPLIST_KEY_UISupportedInterfaceOrientations = UIInterfaceOrientationPortrait;
				INFOPLIST_KEY_UISupportedInterfaceOrientations_iPad = "UIInterfaceOrientationPortrait UIInterfaceOrientationPortraitUpsideDown UIInterfaceOrientationLandscapeLeft UIInterfaceOrientationLandscapeRight";
				INFOPLIST_KEY_UISupportedInterfaceOrientations_iPhone = "UIInterfaceOrientationPortrait UIInterfaceOrientationLandscapeLeft UIInterfaceOrientationLandscapeRight";
				LD_RUNPATH_SEARCH_PATHS = (
					"$(inherited)",
					"@executable_path/Frameworks",
				);
				MARKETING_VERSION = 1.0;
				PRODUCT_BUNDLE_IDENTIFIER = ca.goergbrown.RestaurantReviewer;
				PRODUCT_NAME = "$(TARGET_NAME)";
				SWIFT_EMIT_LOC_STRINGS = YES;
				SWIFT_VERSION = 5.0;
				TARGETED_DEVICE_FAMILY = "1,2";
			};
			name = Release;
		};
/* End XCBuildConfiguration section */

/* Begin XCConfigurationList section */
		2D5A111227CE8E50007B7517 /* Build configuration list for PBXProject "RestaurantReviewer" */ = {
			isa = XCConfigurationList;
			buildConfigurations = (
				2D5A112C27CE8E51007B7517 /* Debug */,
				2D5A112D27CE8E51007B7517 /* Release */,
			);
			defaultConfigurationIsVisible = 0;
			defaultConfigurationName = Release;
		};
		2D5A112E27CE8E51007B7517 /* Build configuration list for PBXNativeTarget "RestaurantReviewer" */ = {
			isa = XCConfigurationList;
			buildConfigurations = (
				2D5A112F27CE8E51007B7517 /* Debug */,
				2D5A113027CE8E51007B7517 /* Release */,
			);
			defaultConfigurationIsVisible = 0;
			defaultConfigurationName = Release;
		};
/* End XCConfigurationList section */

/* Begin XCVersionGroup section */
		2D5A112327CE8E51007B7517 /* RestaurantReviewer.xcdatamodeld */ = {
			isa = XCVersionGroup;
			children = (
				2D5A112427CE8E51007B7517 /* RestaurantReviewer.xcdatamodel */,
			);
			currentVersion = 2D5A112427CE8E51007B7517 /* RestaurantReviewer.xcdatamodel */;
			path = RestaurantReviewer.xcdatamodeld;
			sourceTree = "<group>";
			versionGroupType = wrapper.xcdatamodel;
		};
/* End XCVersionGroup section */
	};
	rootObject = 2D5A110F27CE8E50007B7517 /* Project object */;
}
